
Microsoft Visual Studio Solution File, Format Version 12.00
# Visual Studio Version 18
VisualStudioVersion = 18.0.11205.157
MinimumVisualStudioVersion = 10.0.40219.1
Project("{FAE04EC0-301F-11D3-BF4B-00C04F79EFBC}") = "ATL", "atldotnet-main\ATL\ATL.csproj", "{23AAC909-B435-4525-0180-F102B5182CA4}"
EndProject
Project("{FAE04EC0-301F-11D3-BF4B-00C04F79EFBC}") = "AudioSwitcher.AudioApi", "AudioSwitcher-master\AudioSwitcher.AudioApi\AudioSwitcher.AudioApi.csproj", "{4C133719-CD8A-8977-8190-43E4F7D2B4A6}"
EndProject
Project("{FAE04EC0-301F-11D3-BF4B-00C04F79EFBC}") = "AudioSwitcher.AudioApi.CoreAudio", "AudioSwitcher-master\AudioSwitcher.AudioApi.CoreAudio\AudioSwitcher.AudioApi.CoreAudio.csproj", "{F3491372-6C31-1EAE-59B1-10BE4D981851}"
EndProject
Project("{FAE04EC0-301F-11D3-BF4B-00C04F79EFBC}") = "Dimmer", "Dimmer\Dimmer\Dimmer.csproj", "{2AD5E6A3-323A-4C07-AA42-AE5ACB0D892F}"
EndProject
Project("{FAE04EC0-301F-11D3-BF4B-00C04F79EFBC}") = "Dimmer.WinUI", "Dimmer\Dimmer.WinUI\Dimmer.WinUI.csproj", "{0E16CC04-4DD3-425A-B34C-8F59955676F2}"
EndProject
Project("{FAE04EC0-301F-11D3-BF4B-00C04F79EFBC}") = "DimmerDroid.Droid", "Dimmer\DimmerDroid.Droid\DimmerDroid.Droid.csproj", "{30A25BF1-CDE5-B644-9309-0C400C5A6300}"
EndProject
Project("{2150E333-8FDC-42A3-9474-1A3956D46DE8}") = "Solution Items", "Solution Items", "{936EEFDB-B607-4BC3-BB4E-966E5FB0088B}"
	ProjectSection(SolutionItems) = preProject
		externals.props = externals.props
	EndProjectSection
EndProject
Project("{FAE04EC0-301F-11D3-BF4B-00C04F79EFBC}") = "Hqub.Lastfm", "Last.fm\src\Hqub.Lastfm\Hqub.Lastfm.csproj", "{46219299-E514-B8FA-13A7-B9194F6B3B8A}"
EndProject
Project("{FAE04EC0-301F-11D3-BF4B-00C04F79EFBC}") = "ParseLiveQuery", "Parse-LiveQueries-DOTNET\ParseLiveQuery\ParseLiveQuery.csproj", "{8DD4BC7E-98FD-BB06-BB8F-BA00CBAF6D54}"
EndProject
Global
	GlobalSection(SolutionConfigurationPlatforms) = preSolution
		Debug|Any CPU = Debug|Any CPU
		Release|Any CPU = Release|Any CPU
	EndGlobalSection
	GlobalSection(ProjectConfigurationPlatforms) = postSolution
		{23AAC909-B435-4525-0180-F102B5182CA4}.Debug|Any CPU.ActiveCfg = Debug|Any CPU
		{23AAC909-B435-4525-0180-F102B5182CA4}.Debug|Any CPU.Build.0 = Debug|Any CPU
		{23AAC909-B435-4525-0180-F102B5182CA4}.Release|Any CPU.ActiveCfg = Release|Any CPU
		{23AAC909-B435-4525-0180-F102B5182CA4}.Release|Any CPU.Build.0 = Release|Any CPU
		{4C133719-CD8A-8977-8190-43E4F7D2B4A6}.Debug|Any CPU.ActiveCfg = Debug|Any CPU
		{4C133719-CD8A-8977-8190-43E4F7D2B4A6}.Debug|Any CPU.Build.0 = Debug|Any CPU
		{4C133719-CD8A-8977-8190-43E4F7D2B4A6}.Release|Any CPU.ActiveCfg = Release|Any CPU
		{4C133719-CD8A-8977-8190-43E4F7D2B4A6}.Release|Any CPU.Build.0 = Release|Any CPU
		{F3491372-6C31-1EAE-59B1-10BE4D981851}.Debug|Any CPU.ActiveCfg = Debug|Any CPU
		{F3491372-6C31-1EAE-59B1-10BE4D981851}.Debug|Any CPU.Build.0 = Debug|Any CPU
		{F3491372-6C31-1EAE-59B1-10BE4D981851}.Release|Any CPU.ActiveCfg = Release|Any CPU
		{F3491372-6C31-1EAE-59B1-10BE4D981851}.Release|Any CPU.Build.0 = Release|Any CPU
		{2AD5E6A3-323A-4C07-AA42-AE5ACB0D892F}.Debug|Any CPU.ActiveCfg = Debug|Any CPU
		{2AD5E6A3-323A-4C07-AA42-AE5ACB0D892F}.Debug|Any CPU.Build.0 = Debug|Any CPU
		{2AD5E6A3-323A-4C07-AA42-AE5ACB0D892F}.Release|Any CPU.ActiveCfg = Release|Any CPU
		{2AD5E6A3-323A-4C07-AA42-AE5ACB0D892F}.Release|Any CPU.Build.0 = Release|Any CPU
		{0E16CC04-4DD3-425A-B34C-8F59955676F2}.Debug|Any CPU.ActiveCfg = Debug|x64
		{0E16CC04-4DD3-425A-B34C-8F59955676F2}.Debug|Any CPU.Build.0 = Debug|x64
		{0E16CC04-4DD3-425A-B34C-8F59955676F2}.Release|Any CPU.ActiveCfg = Release|x64
		{0E16CC04-4DD3-425A-B34C-8F59955676F2}.Release|Any CPU.Build.0 = Release|x64
		{30A25BF1-CDE5-B644-9309-0C400C5A6300}.Debug|Any CPU.ActiveCfg = Debug|Any CPU
		{30A25BF1-CDE5-B644-9309-0C400C5A6300}.Debug|Any CPU.Build.0 = Debug|Any CPU
		{30A25BF1-CDE5-B644-9309-0C400C5A6300}.Debug|Any CPU.Deploy.0 = Debug|Any CPU
		{30A25BF1-CDE5-B644-9309-0C400C5A6300}.Release|Any CPU.ActiveCfg = Release|Any CPU
		{30A25BF1-CDE5-B644-9309-0C400C5A6300}.Release|Any CPU.Build.0 = Release|Any CPU
		{46219299-E514-B8FA-13A7-B9194F6B3B8A}.Debug|Any CPU.ActiveCfg = Debug|Any CPU
		{46219299-E514-B8FA-13A7-B9194F6B3B8A}.Debug|Any CPU.Build.0 = Debug|Any CPU
		{46219299-E514-B8FA-13A7-B9194F6B3B8A}.Release|Any CPU.ActiveCfg = Release|Any CPU
		{46219299-E514-B8FA-13A7-B9194F6B3B8A}.Release|Any CPU.Build.0 = Release|Any CPU
		{8DD4BC7E-98FD-BB06-BB8F-BA00CBAF6D54}.Debug|Any CPU.ActiveCfg = Debug|Any CPU
		{8DD4BC7E-98FD-BB06-BB8F-BA00CBAF6D54}.Debug|Any CPU.Build.0 = Debug|Any CPU
		{8DD4BC7E-98FD-BB06-BB8F-BA00CBAF6D54}.Release|Any CPU.ActiveCfg = Release|Any CPU
		{8DD4BC7E-98FD-BB06-BB8F-BA00CBAF6D54}.Release|Any CPU.Build.0 = Release|Any CPU
	EndGlobalSection
	GlobalSection(SolutionProperties) = preSolution
		HideSolutionNode = FALSE
	EndGlobalSection
	GlobalSection(ExtensibilityGlobals) = postSolution
		SolutionGuid = {22974874-2EC5-41BF-87D3-3010795EA310}
	EndGlobalSection
EndGlobal
