
Microsoft Visual Studio Solution File, Format Version 12.00
# Visual Studio Version 17
VisualStudioVersion = 17.14.36623.8
MinimumVisualStudioVersion = 10.0.40219.1
Project("{FAE04EC0-301F-11D3-BF4B-00C04F79EFBC}") = "ParseLiveQuery", "..\Parse-LiveQueries-DOTNET\ParseLiveQuery\ParseLiveQuery.csproj", "{D4A7B2CC-1D4A-337E-2B56-B6E76ACE9E43}"
EndProject
Project("{FAE04EC0-301F-11D3-BF4B-00C04F79EFBC}") = "Hqub.Lastfm", "..\Last.fm\src\Hqub.Lastfm\Hqub.Lastfm.csproj", "{BC63A063-98DB-4E36-2BFC-ADF891F208E3}"
EndProject
Project("{FAE04EC0-301F-11D3-BF4B-00C04F79EFBC}") = "ATL", "atldotnet-main\ATL\ATL.csproj", "{23AAC909-B435-4525-0180-F102B5182CA4}"
EndProject
Project("{FAE04EC0-301F-11D3-BF4B-00C04F79EFBC}") = "AudioSwitcher.AudioApi", "AudioSwitcher-master\AudioSwitcher.AudioApi\AudioSwitcher.AudioApi.csproj", "{4C133719-CD8A-8977-8190-43E4F7D2B4A6}"
EndProject
Project("{FAE04EC0-301F-11D3-BF4B-00C04F79EFBC}") = "AudioSwitcher.AudioApi.CoreAudio", "AudioSwitcher-master\AudioSwitcher.AudioApi.CoreAudio\AudioSwitcher.AudioApi.CoreAudio.csproj", "{F3491372-6C31-1EAE-59B1-10BE4D981851}"
EndProject
Project("{FAE04EC0-301F-11D3-BF4B-00C04F79EFBC}") = "Dimmer", "Dimmer\Dimmer\Dimmer.csproj", "{5411F7C9-4CCB-499F-9671-438375CD3DB6}"
EndProject
Project("{FAE04EC0-301F-11D3-BF4B-00C04F79EFBC}") = "Dimmer.Droid", "Dimmer\Dimmer.Droid\Dimmer.Droid.csproj", "{D4BA9A10-134F-47B1-A778-5C3A7413DD7F}"
EndProject
Project("{FAE04EC0-301F-11D3-BF4B-00C04F79EFBC}") = "Dimmer.WinUI", "Dimmer\Dimmer.WinUI\Dimmer.WinUI.csproj", "{D782F427-4CFA-4DC3-9786-44FB262A51DA}"
EndProject
Global
	GlobalSection(SolutionConfigurationPlatforms) = preSolution
		Debug|Any CPU = Debug|Any CPU
		Release|Any CPU = Release|Any CPU
	EndGlobalSection
	GlobalSection(ProjectConfigurationPlatforms) = postSolution
		{D4A7B2CC-1D4A-337E-2B56-B6E76ACE9E43}.Debug|Any CPU.ActiveCfg = Debug|Any CPU
		{D4A7B2CC-1D4A-337E-2B56-B6E76ACE9E43}.Debug|Any CPU.Build.0 = Debug|Any CPU
		{D4A7B2CC-1D4A-337E-2B56-B6E76ACE9E43}.Release|Any CPU.ActiveCfg = Release|Any CPU
		{D4A7B2CC-1D4A-337E-2B56-B6E76ACE9E43}.Release|Any CPU.Build.0 = Release|Any CPU
		{BC63A063-98DB-4E36-2BFC-ADF891F208E3}.Debug|Any CPU.ActiveCfg = Debug|Any CPU
		{BC63A063-98DB-4E36-2BFC-ADF891F208E3}.Debug|Any CPU.Build.0 = Debug|Any CPU
		{BC63A063-98DB-4E36-2BFC-ADF891F208E3}.Release|Any CPU.ActiveCfg = Release|Any CPU
		{BC63A063-98DB-4E36-2BFC-ADF891F208E3}.Release|Any CPU.Build.0 = Release|Any CPU
		{23AAC909-B435-4525-0180-F102B5182CA4}.Debug|Any CPU.ActiveCfg = Debug|Any CPU
		{23AAC909-B435-4525-0180-F102B5182CA4}.Debug|Any CPU.Build.0 = Debug|Any CPU
		{23AAC909-B435-4525-0180-F102B5182CA4}.Release|Any CPU.ActiveCfg = Release|Any CPU
		{23AAC909-B435-4525-0180-F102B5182CA4}.Release|Any CPU.Build.0 = Release|Any CPU
		{4C133719-CD8A-8977-8190-43E4F7D2B4A6}.Debug|Any CPU.ActiveCfg = Debug|Any CPU
		{4C133719-CD8A-8977-8190-43E4F7D2B4A6}.Debug|Any CPU.Build.0 = Debug|Any CPU
		{4C133719-CD8A-8977-8190-43E4F7D2B4A6}.Release|Any CPU.ActiveCfg = Release|Any CPU
		{4C133719-CD8A-8977-8190-43E4F7D2B4A6}.Release|Any CPU.Build.0 = Release|Any CPU
		{F3491372-6C31-1EAE-59B1-10BE4D981851}.Debug|Any CPU.ActiveCfg = Debug|Any CPU
		{F3491372-6C31-1EAE-59B1-10BE4D981851}.Debug|Any CPU.Build.0 = Debug|Any CPU
		{F3491372-6C31-1EAE-59B1-10BE4D981851}.Release|Any CPU.ActiveCfg = Release|Any CPU
		{F3491372-6C31-1EAE-59B1-10BE4D981851}.Release|Any CPU.Build.0 = Release|Any CPU
		{5411F7C9-4CCB-499F-9671-438375CD3DB6}.Debug|Any CPU.ActiveCfg = Debug|Any CPU
		{5411F7C9-4CCB-499F-9671-438375CD3DB6}.Debug|Any CPU.Build.0 = Debug|Any CPU
		{5411F7C9-4CCB-499F-9671-438375CD3DB6}.Release|Any CPU.ActiveCfg = Release|Any CPU
		{5411F7C9-4CCB-499F-9671-438375CD3DB6}.Release|Any CPU.Build.0 = Release|Any CPU
		{D4BA9A10-134F-47B1-A778-5C3A7413DD7F}.Debug|Any CPU.ActiveCfg = Debug|Any CPU
		{D4BA9A10-134F-47B1-A778-5C3A7413DD7F}.Debug|Any CPU.Build.0 = Debug|Any CPU
		{D4BA9A10-134F-47B1-A778-5C3A7413DD7F}.Debug|Any CPU.Deploy.0 = Debug|Any CPU
		{D4BA9A10-134F-47B1-A778-5C3A7413DD7F}.Release|Any CPU.ActiveCfg = Release|Any CPU
		{D4BA9A10-134F-47B1-A778-5C3A7413DD7F}.Release|Any CPU.Build.0 = Release|Any CPU
		{D4BA9A10-134F-47B1-A778-5C3A7413DD7F}.Release|Any CPU.Deploy.0 = Release|Any CPU
		{D782F427-4CFA-4DC3-9786-44FB262A51DA}.Debug|Any CPU.ActiveCfg = Debug|x64
		{D782F427-4CFA-4DC3-9786-44FB262A51DA}.Debug|Any CPU.Build.0 = Debug|x64
		{D782F427-4CFA-4DC3-9786-44FB262A51DA}.Release|Any CPU.ActiveCfg = Release|x64
		{D782F427-4CFA-4DC3-9786-44FB262A51DA}.Release|Any CPU.Build.0 = Release|x64
	EndGlobalSection
	GlobalSection(SolutionProperties) = preSolution
		HideSolutionNode = FALSE
	EndGlobalSection
	GlobalSection(ExtensibilityGlobals) = postSolution
		SolutionGuid = {22974874-2EC5-41BF-87D3-3010795EA310}
	EndGlobalSection
EndGlobal
