
Microsoft Visual Studio Solution File, Format Version 12.00
# Visual Studio Version 17
VisualStudioVersion = 17.9.34728.123
MinimumVisualStudioVersion = 10.0.40219.1
Project("{9A19103F-16F7-4668-BE54-9A1E7A4F7556}") = "Dimmer-MAUI", "Dimmer-MAUI.csproj", "{70A39173-241E-446E-AD20-5BFFD7380F7F}"
EndProject
Project("{9A19103F-16F7-4668-BE54-9A1E7A4F7556}") = "Dimmer.DataAccess", "..\Dimmer.DataAccess\Dimmer.DataAccess.csproj", "{67433D61-BED4-4EA1-A677-9A5431ED08A8}"
EndProject
Project("{9A19103F-16F7-4668-BE54-9A1E7A4F7556}") = "Dimmer.Models", "..\Dimmer.Models\Dimmer.Models.csproj", "{EB001381-E762-4EF3-A606-C5DC30D32606}"
EndProject
Project("{9A19103F-16F7-4668-BE54-9A1E7A4F7556}") = "Dimmer.Utilities", "..\Dimmer.Utilities\Dimmer.Utilities.csproj", "{1FF3D6B0-B7A8-47DD-BA25-19C7F292360E}"
EndProject
Project("{9A19103F-16F7-4668-BE54-9A1E7A4F7556}") = "MauiAudio", "..\MauiAudio\MauiAudio.csproj", "{906F6A50-D039-485A-8273-9E989488244D}"
EndProject
Global
	GlobalSection(SolutionConfigurationPlatforms) = preSolution
		Debug|Any CPU = Debug|Any CPU
		Release|Any CPU = Release|Any CPU
	EndGlobalSection
	GlobalSection(ProjectConfigurationPlatforms) = postSolution
		{70A39173-241E-446E-AD20-5BFFD7380F7F}.Debug|Any CPU.ActiveCfg = Debug|Any CPU
		{70A39173-241E-446E-AD20-5BFFD7380F7F}.Debug|Any CPU.Build.0 = Debug|Any CPU
		{70A39173-241E-446E-AD20-5BFFD7380F7F}.Debug|Any CPU.Deploy.0 = Debug|Any CPU
		{70A39173-241E-446E-AD20-5BFFD7380F7F}.Release|Any CPU.ActiveCfg = Release|Any CPU
		{70A39173-241E-446E-AD20-5BFFD7380F7F}.Release|Any CPU.Build.0 = Release|Any CPU
		{70A39173-241E-446E-AD20-5BFFD7380F7F}.Release|Any CPU.Deploy.0 = Release|Any CPU
		{67433D61-BED4-4EA1-A677-9A5431ED08A8}.Debug|Any CPU.ActiveCfg = Debug|Any CPU
		{67433D61-BED4-4EA1-A677-9A5431ED08A8}.Debug|Any CPU.Build.0 = Debug|Any CPU
		{67433D61-BED4-4EA1-A677-9A5431ED08A8}.Release|Any CPU.ActiveCfg = Release|Any CPU
		{67433D61-BED4-4EA1-A677-9A5431ED08A8}.Release|Any CPU.Build.0 = Release|Any CPU
		{EB001381-E762-4EF3-A606-C5DC30D32606}.Debug|Any CPU.ActiveCfg = Debug|Any CPU
		{EB001381-E762-4EF3-A606-C5DC30D32606}.Debug|Any CPU.Build.0 = Debug|Any CPU
		{EB001381-E762-4EF3-A606-C5DC30D32606}.Release|Any CPU.ActiveCfg = Release|Any CPU
		{EB001381-E762-4EF3-A606-C5DC30D32606}.Release|Any CPU.Build.0 = Release|Any CPU
		{1FF3D6B0-B7A8-47DD-BA25-19C7F292360E}.Debug|Any CPU.ActiveCfg = Debug|Any CPU
		{1FF3D6B0-B7A8-47DD-BA25-19C7F292360E}.Debug|Any CPU.Build.0 = Debug|Any CPU
		{1FF3D6B0-B7A8-47DD-BA25-19C7F292360E}.Release|Any CPU.ActiveCfg = Release|Any CPU
		{1FF3D6B0-B7A8-47DD-BA25-19C7F292360E}.Release|Any CPU.Build.0 = Release|Any CPU
		{906F6A50-D039-485A-8273-9E989488244D}.Debug|Any CPU.ActiveCfg = Debug|Any CPU
		{906F6A50-D039-485A-8273-9E989488244D}.Debug|Any CPU.Build.0 = Debug|Any CPU
		{906F6A50-D039-485A-8273-9E989488244D}.Release|Any CPU.ActiveCfg = Release|Any CPU
		{906F6A50-D039-485A-8273-9E989488244D}.Release|Any CPU.Build.0 = Release|Any CPU
	EndGlobalSection
	GlobalSection(SolutionProperties) = preSolution
		HideSolutionNode = FALSE
	EndGlobalSection
	GlobalSection(ExtensibilityGlobals) = postSolution
		SolutionGuid = {22974874-2EC5-41BF-87D3-3010795EA310}
	EndGlobalSection
EndGlobal
